// !$*UTF8*$!
{
	archiveVersion = 1;
	classes = {
	};
	objectVersion = 46;
	objects = {

/* Begin PBXBuildFile section */
		53F4BC49192622FB0080FC9C /* Foundation.framework in Frameworks */ = {isa = PBXBuildFile; fileRef = 53F4BC48192622FB0080FC9C /* Foundation.framework */; };
		53F4BC4B192622FB0080FC9C /* CoreGraphics.framework in Frameworks */ = {isa = PBXBuildFile; fileRef = 53F4BC4A192622FB0080FC9C /* CoreGraphics.framework */; };
		53F4BC4D192622FB0080FC9C /* UIKit.framework in Frameworks */ = {isa = PBXBuildFile; fileRef = 53F4BC4C192622FB0080FC9C /* UIKit.framework */; };
		53F4BC53192622FB0080FC9C /* InfoPlist.strings in Resources */ = {isa = PBXBuildFile; fileRef = 53F4BC51192622FB0080FC9C /* InfoPlist.strings */; };
		53F4BC55192622FB0080FC9C /* main.m in Sources */ = {isa = PBXBuildFile; fileRef = 53F4BC54192622FB0080FC9C /* main.m */; };
		53F4BC59192622FB0080FC9C /* AppDelegate.m in Sources */ = {isa = PBXBuildFile; fileRef = 53F4BC58192622FB0080FC9C /* AppDelegate.m */; };
		53F4BC5C192622FB0080FC9C /* Main.storyboard in Resources */ = {isa = PBXBuildFile; fileRef = 53F4BC5A192622FB0080FC9C /* Main.storyboard */; };
		53F4BC5F192622FB0080FC9C /* FirstViewController.m in Sources */ = {isa = PBXBuildFile; fileRef = 53F4BC5E192622FB0080FC9C /* FirstViewController.m */; };
		53F4BC62192622FB0080FC9C /* SecondViewController.m in Sources */ = {isa = PBXBuildFile; fileRef = 53F4BC61192622FB0080FC9C /* SecondViewController.m */; };
		53F4BC64192622FB0080FC9C /* Images.xcassets in Resources */ = {isa = PBXBuildFile; fileRef = 53F4BC63192622FB0080FC9C /* Images.xcassets */; };
		53F4BC6B192622FB0080FC9C /* XCTest.framework in Frameworks */ = {isa = PBXBuildFile; fileRef = 53F4BC6A192622FB0080FC9C /* XCTest.framework */; };
		53F4BC6C192622FB0080FC9C /* Foundation.framework in Frameworks */ = {isa = PBXBuildFile; fileRef = 53F4BC48192622FB0080FC9C /* Foundation.framework */; };
		53F4BC6D192622FB0080FC9C /* UIKit.framework in Frameworks */ = {isa = PBXBuildFile; fileRef = 53F4BC4C192622FB0080FC9C /* UIKit.framework */; };
		53F4BC75192622FB0080FC9C /* InfoPlist.strings in Resources */ = {isa = PBXBuildFile; fileRef = 53F4BC73192622FB0080FC9C /* InfoPlist.strings */; };
		53F4BC77192622FB0080FC9C /* BattleNetTests.m in Sources */ = {isa = PBXBuildFile; fileRef = 53F4BC76192622FB0080FC9C /* BattleNetTests.m */; };
/* End PBXBuildFile section */

/* Begin PBXContainerItemProxy section */
		53F4BC6E192622FB0080FC9C /* PBXContainerItemProxy */ = {
			isa = PBXContainerItemProxy;
			containerPortal = 53F4BC3D192622FB0080FC9C /* Project object */;
			proxyType = 1;
			remoteGlobalIDString = 53F4BC44192622FB0080FC9C;
			remoteInfo = BattleNet;
		};
/* End PBXContainerItemProxy section */

/* Begin PBXFileReference section */
		53F4BC45192622FB0080FC9C /* BattleNet.app */ = {isa = PBXFileReference; explicitFileType = wrapper.application; includeInIndex = 0; path = BattleNet.app; sourceTree = BUILT_PRODUCTS_DIR; };
		53F4BC48192622FB0080FC9C /* Foundation.framework */ = {isa = PBXFileReference; lastKnownFileType = wrapper.framework; name = Foundation.framework; path = System/Library/Frameworks/Foundation.framework; sourceTree = SDKROOT; };
		53F4BC4A192622FB0080FC9C /* CoreGraphics.framework */ = {isa = PBXFileReference; lastKnownFileType = wrapper.framework; name = CoreGraphics.framework; path = System/Library/Frameworks/CoreGraphics.framework; sourceTree = SDKROOT; };
		53F4BC4C192622FB0080FC9C /* UIKit.framework */ = {isa = PBXFileReference; lastKnownFileType = wrapper.framework; name = UIKit.framework; path = System/Library/Frameworks/UIKit.framework; sourceTree = SDKROOT; };
		53F4BC50192622FB0080FC9C /* BattleNet-Info.plist */ = {isa = PBXFileReference; lastKnownFileType = text.plist.xml; path = "BattleNet-Info.plist"; sourceTree = "<group>"; };
		53F4BC52192622FB0080FC9C /* en */ = {isa = PBXFileReference; lastKnownFileType = text.plist.strings; name = en; path = en.lproj/InfoPlist.strings; sourceTree = "<group>"; };
		53F4BC54192622FB0080FC9C /* main.m */ = {isa = PBXFileReference; lastKnownFileType = sourcecode.c.objc; path = main.m; sourceTree = "<group>"; };
		53F4BC56192622FB0080FC9C /* BattleNet-Prefix.pch */ = {isa = PBXFileReference; lastKnownFileType = sourcecode.c.h; path = "BattleNet-Prefix.pch"; sourceTree = "<group>"; };
		53F4BC57192622FB0080FC9C /* AppDelegate.h */ = {isa = PBXFileReference; lastKnownFileType = sourcecode.c.h; path = AppDelegate.h; sourceTree = "<group>"; };
		53F4BC58192622FB0080FC9C /* AppDelegate.m */ = {isa = PBXFileReference; lastKnownFileType = sourcecode.c.objc; path = AppDelegate.m; sourceTree = "<group>"; };
		53F4BC5B192622FB0080FC9C /* Base */ = {isa = PBXFileReference; lastKnownFileType = file.storyboard; name = Base; path = Base.lproj/Main.storyboard; sourceTree = "<group>"; };
		53F4BC5D192622FB0080FC9C /* FirstViewController.h */ = {isa = PBXFileReference; lastKnownFileType = sourcecode.c.h; path = FirstViewController.h; sourceTree = "<group>"; };
		53F4BC5E192622FB0080FC9C /* FirstViewController.m */ = {isa = PBXFileReference; lastKnownFileType = sourcecode.c.objc; path = FirstViewController.m; sourceTree = "<group>"; };
		53F4BC60192622FB0080FC9C /* SecondViewController.h */ = {isa = PBXFileReference; lastKnownFileType = sourcecode.c.h; path = SecondViewController.h; sourceTree = "<group>"; };
		53F4BC61192622FB0080FC9C /* SecondViewController.m */ = {isa = PBXFileReference; lastKnownFileType = sourcecode.c.objc; path = SecondViewController.m; sourceTree = "<group>"; };
		53F4BC63192622FB0080FC9C /* Images.xcassets */ = {isa = PBXFileReference; lastKnownFileType = folder.assetcatalog; path = Images.xcassets; sourceTree = "<group>"; };
		53F4BC69192622FB0080FC9C /* BattleNetTests.xctest */ = {isa = PBXFileReference; explicitFileType = wrapper.cfbundle; includeInIndex = 0; path = BattleNetTests.xctest; sourceTree = BUILT_PRODUCTS_DIR; };
		53F4BC6A192622FB0080FC9C /* XCTest.framework */ = {isa = PBXFileReference; lastKnownFileType = wrapper.framework; name = XCTest.framework; path = Library/Frameworks/XCTest.framework; sourceTree = DEVELOPER_DIR; };
		53F4BC72192622FB0080FC9C /* BattleNetTests-Info.plist */ = {isa = PBXFileReference; lastKnownFileType = text.plist.xml; path = "BattleNetTests-Info.plist"; sourceTree = "<group>"; };
		53F4BC74192622FB0080FC9C /* en */ = {isa = PBXFileReference; lastKnownFileType = text.plist.strings; name = en; path = en.lproj/InfoPlist.strings; sourceTree = "<group>"; };
		53F4BC76192622FB0080FC9C /* BattleNetTests.m */ = {isa = PBXFileReference; lastKnownFileType = sourcecode.c.objc; path = BattleNetTests.m; sourceTree = "<group>"; };
/* End PBXFileReference section */

/* Begin PBXFrameworksBuildPhase section */
		53F4BC42192622FB0080FC9C /* Frameworks */ = {
			isa = PBXFrameworksBuildPhase;
			buildActionMask = 2147483647;
			files = (
				53F4BC4B192622FB0080FC9C /* CoreGraphics.framework in Frameworks */,
				53F4BC4D192622FB0080FC9C /* UIKit.framework in Frameworks */,
				53F4BC49192622FB0080FC9C /* Foundation.framework in Frameworks */,
			);
			runOnlyForDeploymentPostprocessing = 0;
		};
		53F4BC66192622FB0080FC9C /* Frameworks */ = {
			isa = PBXFrameworksBuildPhase;
			buildActionMask = 2147483647;
			files = (
				53F4BC6B192622FB0080FC9C /* XCTest.framework in Frameworks */,
				53F4BC6D192622FB0080FC9C /* UIKit.framework in Frameworks */,
				53F4BC6C192622FB0080FC9C /* Foundation.framework in Frameworks */,
			);
			runOnlyForDeploymentPostprocessing = 0;
		};
/* End PBXFrameworksBuildPhase section */

/* Begin PBXGroup section */
		53F4BC3C192622FB0080FC9C = {
			isa = PBXGroup;
			children = (
				53F4BC4E192622FB0080FC9C /* BattleNet */,
				53F4BC70192622FB0080FC9C /* BattleNetTests */,
				53F4BC47192622FB0080FC9C /* Frameworks */,
				53F4BC46192622FB0080FC9C /* Products */,
			);
			sourceTree = "<group>";
		};
		53F4BC46192622FB0080FC9C /* Products */ = {
			isa = PBXGroup;
			children = (
				53F4BC45192622FB0080FC9C /* BattleNet.app */,
				53F4BC69192622FB0080FC9C /* BattleNetTests.xctest */,
			);
			name = Products;
			sourceTree = "<group>";
		};
		53F4BC47192622FB0080FC9C /* Frameworks */ = {
			isa = PBXGroup;
			children = (
				53F4BC48192622FB0080FC9C /* Foundation.framework */,
				53F4BC4A192622FB0080FC9C /* CoreGraphics.framework */,
				53F4BC4C192622FB0080FC9C /* UIKit.framework */,
				53F4BC6A192622FB0080FC9C /* XCTest.framework */,
			);
			name = Frameworks;
			sourceTree = "<group>";
		};
		53F4BC4E192622FB0080FC9C /* BattleNet */ = {
			isa = PBXGroup;
			children = (
				53F4BC57192622FB0080FC9C /* AppDelegate.h */,
				53F4BC58192622FB0080FC9C /* AppDelegate.m */,
				53F4BC5A192622FB0080FC9C /* Main.storyboard */,
				53F4BC5D192622FB0080FC9C /* FirstViewController.h */,
				53F4BC5E192622FB0080FC9C /* FirstViewController.m */,
				53F4BC60192622FB0080FC9C /* SecondViewController.h */,
				53F4BC61192622FB0080FC9C /* SecondViewController.m */,
				53F4BC63192622FB0080FC9C /* Images.xcassets */,
				53F4BC4F192622FB0080FC9C /* Supporting Files */,
			);
			path = BattleNet;
			sourceTree = "<group>";
		};
		53F4BC4F192622FB0080FC9C /* Supporting Files */ = {
			isa = PBXGroup;
			children = (
				53F4BC50192622FB0080FC9C /* BattleNet-Info.plist */,
				53F4BC51192622FB0080FC9C /* InfoPlist.strings */,
				53F4BC54192622FB0080FC9C /* main.m */,
				53F4BC56192622FB0080FC9C /* BattleNet-Prefix.pch */,
			);
			name = "Supporting Files";
			sourceTree = "<group>";
		};
		53F4BC70192622FB0080FC9C /* BattleNetTests */ = {
			isa = PBXGroup;
			children = (
				53F4BC76192622FB0080FC9C /* BattleNetTests.m */,
				53F4BC71192622FB0080FC9C /* Supporting Files */,
			);
			path = BattleNetTests;
			sourceTree = "<group>";
		};
		53F4BC71192622FB0080FC9C /* Supporting Files */ = {
			isa = PBXGroup;
			children = (
				53F4BC72192622FB0080FC9C /* BattleNetTests-Info.plist */,
				53F4BC73192622FB0080FC9C /* InfoPlist.strings */,
			);
			name = "Supporting Files";
			sourceTree = "<group>";
		};
/* End PBXGroup section */

/* Begin PBXNativeTarget section */
		53F4BC44192622FB0080FC9C /* BattleNet */ = {
			isa = PBXNativeTarget;
			buildConfigurationList = 53F4BC7A192622FB0080FC9C /* Build configuration list for PBXNativeTarget "BattleNet" */;
			buildPhases = (
				53F4BC41192622FB0080FC9C /* Sources */,
				53F4BC42192622FB0080FC9C /* Frameworks */,
				53F4BC43192622FB0080FC9C /* Resources */,
			);
			buildRules = (
			);
			dependencies = (
			);
			name = BattleNet;
			productName = BattleNet;
			productReference = 53F4BC45192622FB0080FC9C /* BattleNet.app */;
			productType = "com.apple.product-type.application";
		};
		53F4BC68192622FB0080FC9C /* BattleNetTests */ = {
			isa = PBXNativeTarget;
			buildConfigurationList = 53F4BC7D192622FB0080FC9C /* Build configuration list for PBXNativeTarget "BattleNetTests" */;
			buildPhases = (
				53F4BC65192622FB0080FC9C /* Sources */,
				53F4BC66192622FB0080FC9C /* Frameworks */,
				53F4BC67192622FB0080FC9C /* Resources */,
			);
			buildRules = (
			);
			dependencies = (
				53F4BC6F192622FB0080FC9C /* PBXTargetDependency */,
			);
			name = BattleNetTests;
			productName = BattleNetTests;
			productReference = 53F4BC69192622FB0080FC9C /* BattleNetTests.xctest */;
			productType = "com.apple.product-type.bundle.unit-test";
		};
/* End PBXNativeTarget section */

/* Begin PBXProject section */
		53F4BC3D192622FB0080FC9C /* Project object */ = {
			isa = PBXProject;
			attributes = {
				LastUpgradeCheck = 0510;
				ORGANIZATIONNAME = yrliu;
				TargetAttributes = {
					53F4BC68192622FB0080FC9C = {
						TestTargetID = 53F4BC44192622FB0080FC9C;
					};
				};
			};
			buildConfigurationList = 53F4BC40192622FB0080FC9C /* Build configuration list for PBXProject "BattleNet" */;
			compatibilityVersion = "Xcode 3.2";
			developmentRegion = English;
			hasScannedForEncodings = 0;
			knownRegions = (
				en,
				Base,
			);
			mainGroup = 53F4BC3C192622FB0080FC9C;
			productRefGroup = 53F4BC46192622FB0080FC9C /* Products */;
			projectDirPath = "";
			projectRoot = "";
			targets = (
				53F4BC44192622FB0080FC9C /* BattleNet */,
				53F4BC68192622FB0080FC9C /* BattleNetTests */,
			);
		};
/* End PBXProject section */

/* Begin PBXResourcesBuildPhase section */
		53F4BC43192622FB0080FC9C /* Resources */ = {
			isa = PBXResourcesBuildPhase;
			buildActionMask = 2147483647;
			files = (
				53F4BC64192622FB0080FC9C /* Images.xcassets in Resources */,
				53F4BC53192622FB0080FC9C /* InfoPlist.strings in Resources */,
				53F4BC5C192622FB0080FC9C /* Main.storyboard in Resources */,
			);
			runOnlyForDeploymentPostprocessing = 0;
		};
		53F4BC67192622FB0080FC9C /* Resources */ = {
			isa = PBXResourcesBuildPhase;
			buildActionMask = 2147483647;
			files = (
				53F4BC75192622FB0080FC9C /* InfoPlist.strings in Resources */,
			);
			runOnlyForDeploymentPostprocessing = 0;
		};
/* End PBXResourcesBuildPhase section */

/* Begin PBXSourcesBuildPhase section */
		53F4BC41192622FB0080FC9C /* Sources */ = {
			isa = PBXSourcesBuildPhase;
			buildActionMask = 2147483647;
			files = (
				53F4BC62192622FB0080FC9C /* SecondViewController.m in Sources */,
				53F4BC59192622FB0080FC9C /* AppDelegate.m in Sources */,
				53F4BC5F192622FB0080FC9C /* FirstViewController.m in Sources */,
				53F4BC55192622FB0080FC9C /* main.m in Sources */,
			);
			runOnlyForDeploymentPostprocessing = 0;
		};
		53F4BC65192622FB0080FC9C /* Sources */ = {
			isa = PBXSourcesBuildPhase;
			buildActionMask = 2147483647;
			files = (
				53F4BC77192622FB0080FC9C /* BattleNetTests.m in Sources */,
			);
			runOnlyForDeploymentPostprocessing = 0;
		};
/* End PBXSourcesBuildPhase section */

/* Begin PBXTargetDependency section */
		53F4BC6F192622FB0080FC9C /* PBXTargetDependency */ = {
			isa = PBXTargetDependency;
			target = 53F4BC44192622FB0080FC9C /* BattleNet */;
			targetProxy = 53F4BC6E192622FB0080FC9C /* PBXContainerItemProxy */;
		};
/* End PBXTargetDependency section */

/* Begin PBXVariantGroup section */
		53F4BC51192622FB0080FC9C /* InfoPlist.strings */ = {
			isa = PBXVariantGroup;
			children = (
				53F4BC52192622FB0080FC9C /* en */,
			);
			name = InfoPlist.strings;
			sourceTree = "<group>";
		};
		53F4BC5A192622FB0080FC9C /* Main.storyboard */ = {
			isa = PBXVariantGroup;
			children = (
				53F4BC5B192622FB0080FC9C /* Base */,
			);
			name = Main.storyboard;
			sourceTree = "<group>";
		};
		53F4BC73192622FB0080FC9C /* InfoPlist.strings */ = {
			isa = PBXVariantGroup;
			children = (
				53F4BC74192622FB0080FC9C /* en */,
			);
			name = InfoPlist.strings;
			sourceTree = "<group>";
		};
/* End PBXVariantGroup section */

/* Begin XCBuildConfiguration section */
		53F4BC78192622FB0080FC9C /* Debug */ = {
			isa = XCBuildConfiguration;
			buildSettings = {
				ALWAYS_SEARCH_USER_PATHS = NO;
				CLANG_CXX_LANGUAGE_STANDARD = "gnu++0x";
				CLANG_CXX_LIBRARY = "libc++";
				CLANG_ENABLE_MODULES = YES;
				CLANG_ENABLE_OBJC_ARC = YES;
				CLANG_WARN_BOOL_CONVERSION = YES;
				CLANG_WARN_CONSTANT_CONVERSION = YES;
				CLANG_WARN_DIRECT_OBJC_ISA_USAGE = YES_ERROR;
				CLANG_WARN_EMPTY_BODY = YES;
				CLANG_WARN_ENUM_CONVERSION = YES;
				CLANG_WARN_INT_CONVERSION = YES;
				CLANG_WARN_OBJC_ROOT_CLASS = YES_ERROR;
				CLANG_WARN__DUPLICATE_METHOD_MATCH = YES;
				"CODE_SIGN_IDENTITY[sdk=iphoneos*]" = "iPhone Developer";
				COPY_PHASE_STRIP = NO;
				GCC_C_LANGUAGE_STANDARD = gnu99;
				GCC_DYNAMIC_NO_PIC = NO;
				GCC_OPTIMIZATION_LEVEL = 0;
				GCC_PREPROCESSOR_DEFINITIONS = (
					"DEBUG=1",
					"$(inherited)",
				);
				GCC_SYMBOLS_PRIVATE_EXTERN = NO;
				GCC_WARN_64_TO_32_BIT_CONVERSION = YES;
				GCC_WARN_ABOUT_RETURN_TYPE = YES_ERROR;
				GCC_WARN_UNDECLARED_SELECTOR = YES;
				GCC_WARN_UNINITIALIZED_AUTOS = YES_AGGRESSIVE;
				GCC_WARN_UNUSED_FUNCTION = YES;
				GCC_WARN_UNUSED_VARIABLE = YES;
				IPHONEOS_DEPLOYMENT_TARGET = 7.1;
				ONLY_ACTIVE_ARCH = YES;
				SDKROOT = iphoneos;
			};
			name = Debug;
		};
		53F4BC79192622FB0080FC9C /* Release */ = {
			isa = XCBuildConfiguration;
			buildSettings = {
				ALWAYS_SEARCH_USER_PATHS = NO;
				CLANG_CXX_LANGUAGE_STANDARD = "gnu++0x";
				CLANG_CXX_LIBRARY = "libc++";
				CLANG_ENABLE_MODULES = YES;
				CLANG_ENABLE_OBJC_ARC = YES;
				CLANG_WARN_BOOL_CONVERSION = YES;
				CLANG_WARN_CONSTANT_CONVERSION = YES;
				CLANG_WARN_DIRECT_OBJC_ISA_USAGE = YES_ERROR;
				CLANG_WARN_EMPTY_BODY = YES;
				CLANG_WARN_ENUM_CONVERSION = YES;
				CLANG_WARN_INT_CONVERSION = YES;
				CLANG_WARN_OBJC_ROOT_CLASS = YES_ERROR;
				CLANG_WARN__DUPLICATE_METHOD_MATCH = YES;
				"CODE_SIGN_IDENTITY[sdk=iphoneos*]" = "iPhone Developer";
				COPY_PHASE_STRIP = YES;
				ENABLE_NS_ASSERTIONS = NO;
				GCC_C_LANGUAGE_STANDARD = gnu99;
				GCC_WARN_64_TO_32_BIT_CONVERSION = YES;
				GCC_WARN_ABOUT_RETURN_TYPE = YES_ERROR;
				GCC_WARN_UNDECLARED_SELECTOR = YES;
				GCC_WARN_UNINITIALIZED_AUTOS = YES_AGGRESSIVE;
				GCC_WARN_UNUSED_FUNCTION = YES;
				GCC_WARN_UNUSED_VARIABLE = YES;
				IPHONEOS_DEPLOYMENT_TARGET = 7.1;
				SDKROOT = iphoneos;
				VALIDATE_PRODUCT = YES;
			};
			name = Release;
		};
		53F4BC7B192622FB0080FC9C /* Debug */ = {
			isa = XCBuildConfiguration;
			buildSettings = {
				ASSETCATALOG_COMPILER_APPICON_NAME = AppIcon;
				ASSETCATALOG_COMPILER_LAUNCHIMAGE_NAME = LaunchImage;
				GCC_PRECOMPILE_PREFIX_HEADER = YES;
				GCC_PREFIX_HEADER = "BattleNet/BattleNet-Prefix.pch";
				INFOPLIST_FILE = "BattleNet/BattleNet-Info.plist";
				PRODUCT_NAME = "$(TARGET_NAME)";
				WRAPPER_EXTENSION = app;
			};
			name = Debug;
		};
		53F4BC7C192622FB0080FC9C /* Release */ = {
			isa = XCBuildConfiguration;
			buildSettings = {
				ASSETCATALOG_COMPILER_APPICON_NAME = AppIcon;
				ASSETCATALOG_COMPILER_LAUNCHIMAGE_NAME = LaunchImage;
				GCC_PRECOMPILE_PREFIX_HEADER = YES;
				GCC_PREFIX_HEADER = "BattleNet/BattleNet-Prefix.pch";
				INFOPLIST_FILE = "BattleNet/BattleNet-Info.plist";
				PRODUCT_NAME = "$(TARGET_NAME)";
				WRAPPER_EXTENSION = app;
			};
			name = Release;
		};
		53F4BC7E192622FB0080FC9C /* Debug */ = {
			isa = XCBuildConfiguration;
			buildSettings = {
				BUNDLE_LOADER = "$(BUILT_PRODUCTS_DIR)/BattleNet.app/BattleNet";
				FRAMEWORK_SEARCH_PATHS = (
					"$(SDKROOT)/Developer/Library/Frameworks",
					"$(inherited)",
					"$(DEVELOPER_FRAMEWORKS_DIR)",
				);
				GCC_PRECOMPILE_PREFIX_HEADER = YES;
				GCC_PREFIX_HEADER = "BattleNet/BattleNet-Prefix.pch";
				GCC_PREPROCESSOR_DEFINITIONS = (
					"DEBUG=1",
					"$(inherited)",
				);
				INFOPLIST_FILE = "BattleNetTests/BattleNetTests-Info.plist";
				PRODUCT_NAME = "$(TARGET_NAME)";
				TEST_HOST = "$(BUNDLE_LOADER)";
				WRAPPER_EXTENSION = xctest;
			};
			name = Debug;
		};
		53F4BC7F192622FB0080FC9C /* Release */ = {
			isa = XCBuildConfiguration;
			buildSettings = {
				BUNDLE_LOADER = "$(BUILT_PRODUCTS_DIR)/BattleNet.app/BattleNet";
				FRAMEWORK_SEARCH_PATHS = (
					"$(SDKROOT)/Developer/Library/Frameworks",
					"$(inherited)",
					"$(DEVELOPER_FRAMEWORKS_DIR)",
				);
				GCC_PRECOMPILE_PREFIX_HEADER = YES;
				GCC_PREFIX_HEADER = "BattleNet/BattleNet-Prefix.pch";
				INFOPLIST_FILE = "BattleNetTests/BattleNetTests-Info.plist";
				PRODUCT_NAME = "$(TARGET_NAME)";
				TEST_HOST = "$(BUNDLE_LOADER)";
				WRAPPER_EXTENSION = xctest;
			};
			name = Release;
		};
/* End XCBuildConfiguration section */

/* Begin XCConfigurationList section */
		53F4BC40192622FB0080FC9C /* Build configuration list for PBXProject "BattleNet" */ = {
			isa = XCConfigurationList;
			buildConfigurations = (
				53F4BC78192622FB0080FC9C /* Debug */,
				53F4BC79192622FB0080FC9C /* Release */,
			);
			defaultConfigurationIsVisible = 0;
			defaultConfigurationName = Release;
		};
		53F4BC7A192622FB0080FC9C /* Build configuration list for PBXNativeTarget "BattleNet" */ = {
			isa = XCConfigurationList;
			buildConfigurations = (
				53F4BC7B192622FB0080FC9C /* Debug */,
				53F4BC7C192622FB0080FC9C /* Release */,
			);
			defaultConfigurationIsVisible = 0;
		};
		53F4BC7D192622FB0080FC9C /* Build configuration list for PBXNativeTarget "BattleNetTests" */ = {
			isa = XCConfigurationList;
			buildConfigurations = (
				53F4BC7E192622FB0080FC9C /* Debug */,
				53F4BC7F192622FB0080FC9C /* Release */,
			);
			defaultConfigurationIsVisible = 0;
		};
/* End XCConfigurationList section */
	};
	rootObject = 53F4BC3D192622FB0080FC9C /* Project object */;
}
