// !$*UTF8*$!
{
	archiveVersion = 1;
	classes = {
	};
	objectVersion = 46;
	objects = {

/* Begin PBXBuildFile section */
		530A32C0192660A300834AA9 /* acmilan.png in Resources */ = {isa = PBXBuildFile; fileRef = 530A32BF192660A300834AA9 /* acmilan.png */; };
		530A350C19371105004EA0C0 /* MeViewController.m in Sources */ = {isa = PBXBuildFile; fileRef = 530A350B19371105004EA0C0 /* MeViewController.m */; };
		530A350F193714D1004EA0C0 /* LoginViewController.m in Sources */ = {isa = PBXBuildFile; fileRef = 530A350E193714D1004EA0C0 /* LoginViewController.m */; };
		538C8EAF193DCF27007478D6 /* SignupTableViewController.m in Sources */ = {isa = PBXBuildFile; fileRef = 538C8EAE193DCF27007478D6 /* SignupTableViewController.m */; };
		538C8EB2193F5FD5007478D6 /* SexViewController.m in Sources */ = {isa = PBXBuildFile; fileRef = 538C8EB1193F5FD5007478D6 /* SexViewController.m */; };
		538C8EB5193F5FF0007478D6 /* PositionViewController.m in Sources */ = {isa = PBXBuildFile; fileRef = 538C8EB4193F5FF0007478D6 /* PositionViewController.m */; };
		538C8EB8193F600A007478D6 /* FootViewController.m in Sources */ = {isa = PBXBuildFile; fileRef = 538C8EB7193F600A007478D6 /* FootViewController.m */; };
		538C8EBB193F6038007478D6 /* BirthdayViewController.m in Sources */ = {isa = PBXBuildFile; fileRef = 538C8EBA193F6038007478D6 /* BirthdayViewController.m */; };
		53F4BC49192622FB0080FC9C /* Foundation.framework in Frameworks */ = {isa = PBXBuildFile; fileRef = 53F4BC48192622FB0080FC9C /* Foundation.framework */; };
		53F4BC4B192622FB0080FC9C /* CoreGraphics.framework in Frameworks */ = {isa = PBXBuildFile; fileRef = 53F4BC4A192622FB0080FC9C /* CoreGraphics.framework */; };
		53F4BC4D192622FB0080FC9C /* UIKit.framework in Frameworks */ = {isa = PBXBuildFile; fileRef = 53F4BC4C192622FB0080FC9C /* UIKit.framework */; };
		53F4BC53192622FB0080FC9C /* InfoPlist.strings in Resources */ = {isa = PBXBuildFile; fileRef = 53F4BC51192622FB0080FC9C /* InfoPlist.strings */; };
		53F4BC55192622FB0080FC9C /* main.m in Sources */ = {isa = PBXBuildFile; fileRef = 53F4BC54192622FB0080FC9C /* main.m */; };
		53F4BC59192622FB0080FC9C /* AppDelegate.m in Sources */ = {isa = PBXBuildFile; fileRef = 53F4BC58192622FB0080FC9C /* AppDelegate.m */; };
		53F4BC5C192622FB0080FC9C /* Main.storyboard in Resources */ = {isa = PBXBuildFile; fileRef = 53F4BC5A192622FB0080FC9C /* Main.storyboard */; };
		53F4BC5F192622FB0080FC9C /* FirstViewController.m in Sources */ = {isa = PBXBuildFile; fileRef = 53F4BC5E192622FB0080FC9C /* FirstViewController.m */; };
		53F4BC62192622FB0080FC9C /* SecondViewController.m in Sources */ = {isa = PBXBuildFile; fileRef = 53F4BC61192622FB0080FC9C /* SecondViewController.m */; };
		53F4BC64192622FB0080FC9C /* Images.xcassets in Resources */ = {isa = PBXBuildFile; fileRef = 53F4BC63192622FB0080FC9C /* Images.xcassets */; };
		53F4BC6B192622FB0080FC9C /* XCTest.framework in Frameworks */ = {isa = PBXBuildFile; fileRef = 53F4BC6A192622FB0080FC9C /* XCTest.framework */; };
		53F4BC6C192622FB0080FC9C /* Foundation.framework in Frameworks */ = {isa = PBXBuildFile; fileRef = 53F4BC48192622FB0080FC9C /* Foundation.framework */; };
		53F4BC6D192622FB0080FC9C /* UIKit.framework in Frameworks */ = {isa = PBXBuildFile; fileRef = 53F4BC4C192622FB0080FC9C /* UIKit.framework */; };
		53F4BC75192622FB0080FC9C /* InfoPlist.strings in Resources */ = {isa = PBXBuildFile; fileRef = 53F4BC73192622FB0080FC9C /* InfoPlist.strings */; };
		53F4BC77192622FB0080FC9C /* BattleNetTests.m in Sources */ = {isa = PBXBuildFile; fileRef = 53F4BC76192622FB0080FC9C /* BattleNetTests.m */; };
		B5DF8C9AC7AA418A9132A196 /* libPods.a in Frameworks */ = {isa = PBXBuildFile; fileRef = 8994743BF9934551A8591692 /* libPods.a */; };
		E71210CC19D5CD63001E1FDD /* player.png in Resources */ = {isa = PBXBuildFile; fileRef = E71210CB19D5CD63001E1FDD /* player.png */; };
		E71210CF19D66B26001E1FDD /* AvatarViewController.m in Sources */ = {isa = PBXBuildFile; fileRef = E71210CE19D66B26001E1FDD /* AvatarViewController.m */; };
		E71210D219D68C31001E1FDD /* AlbumContentsViewController.m in Sources */ = {isa = PBXBuildFile; fileRef = E71210D119D68C31001E1FDD /* AlbumContentsViewController.m */; };
		E71210D519D6F47C001E1FDD /* VPImageCropperViewController.m in Sources */ = {isa = PBXBuildFile; fileRef = E71210D419D6F47C001E1FDD /* VPImageCropperViewController.m */; };
		E71210D719D72362001E1FDD /* default_avatar.png in Resources */ = {isa = PBXBuildFile; fileRef = E71210D619D72362001E1FDD /* default_avatar.png */; };
		E71210DA19D8112B001E1FDD /* MatchListViewController.m in Sources */ = {isa = PBXBuildFile; fileRef = E71210D919D8112B001E1FDD /* MatchListViewController.m */; };
		E71210DE19D85B01001E1FDD /* CreateMatchViewController.m in Sources */ = {isa = PBXBuildFile; fileRef = E71210DD19D85B01001E1FDD /* CreateMatchViewController.m */; };
		E71210E119D961C7001E1FDD /* MatchManager.m in Sources */ = {isa = PBXBuildFile; fileRef = E71210E019D961C7001E1FDD /* MatchManager.m */; };
		E71210E419D96242001E1FDD /* Match.m in Sources */ = {isa = PBXBuildFile; fileRef = E71210E319D96242001E1FDD /* Match.m */; };
		E7B6ABC419C993E40000EBA2 /* UserManager.m in Sources */ = {isa = PBXBuildFile; fileRef = E7B6ABC319C993E40000EBA2 /* UserManager.m */; };
		E7E6FDBB19BF479B00AD086E /* BNUser.m in Sources */ = {isa = PBXBuildFile; fileRef = E7E6FDBA19BF479B00AD086E /* BNUser.m */; };
/* End PBXBuildFile section */

/* Begin PBXContainerItemProxy section */
		53F4BC6E192622FB0080FC9C /* PBXContainerItemProxy */ = {
			isa = PBXContainerItemProxy;
			containerPortal = 53F4BC3D192622FB0080FC9C /* Project object */;
			proxyType = 1;
			remoteGlobalIDString = 53F4BC44192622FB0080FC9C;
			remoteInfo = BattleNet;
		};
/* End PBXContainerItemProxy section */

/* Begin PBXFileReference section */
		530A32BF192660A300834AA9 /* acmilan.png */ = {isa = PBXFileReference; lastKnownFileType = image.png; name = acmilan.png; path = Images.xcassets/acmilan.png; sourceTree = "<group>"; };
		530A350A19371105004EA0C0 /* MeViewController.h */ = {isa = PBXFileReference; fileEncoding = 4; lastKnownFileType = sourcecode.c.h; name = MeViewController.h; path = users/MeViewController.h; sourceTree = "<group>"; };
		530A350B19371105004EA0C0 /* MeViewController.m */ = {isa = PBXFileReference; fileEncoding = 4; lastKnownFileType = sourcecode.c.objc; name = MeViewController.m; path = users/MeViewController.m; sourceTree = "<group>"; };
		530A350D193714D1004EA0C0 /* LoginViewController.h */ = {isa = PBXFileReference; fileEncoding = 4; lastKnownFileType = sourcecode.c.h; name = LoginViewController.h; path = users/LoginViewController.h; sourceTree = "<group>"; };
		530A350E193714D1004EA0C0 /* LoginViewController.m */ = {isa = PBXFileReference; fileEncoding = 4; lastKnownFileType = sourcecode.c.objc; name = LoginViewController.m; path = users/LoginViewController.m; sourceTree = "<group>"; };
		538C8EAD193DCF27007478D6 /* SignupTableViewController.h */ = {isa = PBXFileReference; fileEncoding = 4; lastKnownFileType = sourcecode.c.h; name = SignupTableViewController.h; path = users/SignupTableViewController.h; sourceTree = "<group>"; };
		538C8EAE193DCF27007478D6 /* SignupTableViewController.m */ = {isa = PBXFileReference; fileEncoding = 4; lastKnownFileType = sourcecode.c.objc; name = SignupTableViewController.m; path = users/SignupTableViewController.m; sourceTree = "<group>"; };
		538C8EB0193F5FD5007478D6 /* SexViewController.h */ = {isa = PBXFileReference; fileEncoding = 4; lastKnownFileType = sourcecode.c.h; name = SexViewController.h; path = users/SexViewController.h; sourceTree = "<group>"; };
		538C8EB1193F5FD5007478D6 /* SexViewController.m */ = {isa = PBXFileReference; fileEncoding = 4; lastKnownFileType = sourcecode.c.objc; name = SexViewController.m; path = users/SexViewController.m; sourceTree = "<group>"; };
		538C8EB3193F5FF0007478D6 /* PositionViewController.h */ = {isa = PBXFileReference; fileEncoding = 4; lastKnownFileType = sourcecode.c.h; name = PositionViewController.h; path = users/PositionViewController.h; sourceTree = "<group>"; };
		538C8EB4193F5FF0007478D6 /* PositionViewController.m */ = {isa = PBXFileReference; fileEncoding = 4; lastKnownFileType = sourcecode.c.objc; name = PositionViewController.m; path = users/PositionViewController.m; sourceTree = "<group>"; };
		538C8EB6193F600A007478D6 /* FootViewController.h */ = {isa = PBXFileReference; fileEncoding = 4; lastKnownFileType = sourcecode.c.h; name = FootViewController.h; path = users/FootViewController.h; sourceTree = "<group>"; };
		538C8EB7193F600A007478D6 /* FootViewController.m */ = {isa = PBXFileReference; fileEncoding = 4; lastKnownFileType = sourcecode.c.objc; name = FootViewController.m; path = users/FootViewController.m; sourceTree = "<group>"; };
		538C8EB9193F6038007478D6 /* BirthdayViewController.h */ = {isa = PBXFileReference; fileEncoding = 4; lastKnownFileType = sourcecode.c.h; name = BirthdayViewController.h; path = users/BirthdayViewController.h; sourceTree = "<group>"; };
		538C8EBA193F6038007478D6 /* BirthdayViewController.m */ = {isa = PBXFileReference; fileEncoding = 4; lastKnownFileType = sourcecode.c.objc; name = BirthdayViewController.m; path = users/BirthdayViewController.m; sourceTree = "<group>"; };
		53F4BC45192622FB0080FC9C /* BattleNet.app */ = {isa = PBXFileReference; explicitFileType = wrapper.application; includeInIndex = 0; path = BattleNet.app; sourceTree = BUILT_PRODUCTS_DIR; };
		53F4BC48192622FB0080FC9C /* Foundation.framework */ = {isa = PBXFileReference; lastKnownFileType = wrapper.framework; name = Foundation.framework; path = System/Library/Frameworks/Foundation.framework; sourceTree = SDKROOT; };
		53F4BC4A192622FB0080FC9C /* CoreGraphics.framework */ = {isa = PBXFileReference; lastKnownFileType = wrapper.framework; name = CoreGraphics.framework; path = System/Library/Frameworks/CoreGraphics.framework; sourceTree = SDKROOT; };
		53F4BC4C192622FB0080FC9C /* UIKit.framework */ = {isa = PBXFileReference; lastKnownFileType = wrapper.framework; name = UIKit.framework; path = System/Library/Frameworks/UIKit.framework; sourceTree = SDKROOT; };
		53F4BC50192622FB0080FC9C /* BattleNet-Info.plist */ = {isa = PBXFileReference; lastKnownFileType = text.plist.xml; path = "BattleNet-Info.plist"; sourceTree = "<group>"; };
		53F4BC52192622FB0080FC9C /* en */ = {isa = PBXFileReference; lastKnownFileType = text.plist.strings; name = en; path = en.lproj/InfoPlist.strings; sourceTree = "<group>"; };
		53F4BC54192622FB0080FC9C /* main.m */ = {isa = PBXFileReference; lastKnownFileType = sourcecode.c.objc; path = main.m; sourceTree = "<group>"; };
		53F4BC56192622FB0080FC9C /* BattleNet-Prefix.pch */ = {isa = PBXFileReference; lastKnownFileType = sourcecode.c.h; path = "BattleNet-Prefix.pch"; sourceTree = "<group>"; };
		53F4BC57192622FB0080FC9C /* AppDelegate.h */ = {isa = PBXFileReference; lastKnownFileType = sourcecode.c.h; path = AppDelegate.h; sourceTree = "<group>"; };
		53F4BC58192622FB0080FC9C /* AppDelegate.m */ = {isa = PBXFileReference; lastKnownFileType = sourcecode.c.objc; path = AppDelegate.m; sourceTree = "<group>"; };
		53F4BC5B192622FB0080FC9C /* Base */ = {isa = PBXFileReference; lastKnownFileType = file.storyboard; name = Base; path = Base.lproj/Main.storyboard; sourceTree = "<group>"; };
		53F4BC5D192622FB0080FC9C /* FirstViewController.h */ = {isa = PBXFileReference; lastKnownFileType = sourcecode.c.h; path = FirstViewController.h; sourceTree = "<group>"; };
		53F4BC5E192622FB0080FC9C /* FirstViewController.m */ = {isa = PBXFileReference; lastKnownFileType = sourcecode.c.objc; path = FirstViewController.m; sourceTree = "<group>"; };
		53F4BC60192622FB0080FC9C /* SecondViewController.h */ = {isa = PBXFileReference; lastKnownFileType = sourcecode.c.h; path = SecondViewController.h; sourceTree = "<group>"; };
		53F4BC61192622FB0080FC9C /* SecondViewController.m */ = {isa = PBXFileReference; lastKnownFileType = sourcecode.c.objc; path = SecondViewController.m; sourceTree = "<group>"; };
		53F4BC63192622FB0080FC9C /* Images.xcassets */ = {isa = PBXFileReference; lastKnownFileType = folder.assetcatalog; path = Images.xcassets; sourceTree = "<group>"; };
		53F4BC69192622FB0080FC9C /* BattleNetTests.xctest */ = {isa = PBXFileReference; explicitFileType = wrapper.cfbundle; includeInIndex = 0; path = BattleNetTests.xctest; sourceTree = BUILT_PRODUCTS_DIR; };
		53F4BC6A192622FB0080FC9C /* XCTest.framework */ = {isa = PBXFileReference; lastKnownFileType = wrapper.framework; name = XCTest.framework; path = Library/Frameworks/XCTest.framework; sourceTree = DEVELOPER_DIR; };
		53F4BC72192622FB0080FC9C /* BattleNetTests-Info.plist */ = {isa = PBXFileReference; lastKnownFileType = text.plist.xml; path = "BattleNetTests-Info.plist"; sourceTree = "<group>"; };
		53F4BC74192622FB0080FC9C /* en */ = {isa = PBXFileReference; lastKnownFileType = text.plist.strings; name = en; path = en.lproj/InfoPlist.strings; sourceTree = "<group>"; };
		53F4BC76192622FB0080FC9C /* BattleNetTests.m */ = {isa = PBXFileReference; lastKnownFileType = sourcecode.c.objc; path = BattleNetTests.m; sourceTree = "<group>"; };
		8994743BF9934551A8591692 /* libPods.a */ = {isa = PBXFileReference; explicitFileType = archive.ar; includeInIndex = 0; path = libPods.a; sourceTree = BUILT_PRODUCTS_DIR; };
		AA400099B792489A89130D05 /* Pods.xcconfig */ = {isa = PBXFileReference; includeInIndex = 1; lastKnownFileType = text.xcconfig; name = Pods.xcconfig; path = Pods/Pods.xcconfig; sourceTree = "<group>"; };
		E71210CB19D5CD63001E1FDD /* player.png */ = {isa = PBXFileReference; lastKnownFileType = image.png; name = player.png; path = resources/images/player.png; sourceTree = "<group>"; };
		E71210CD19D66B26001E1FDD /* AvatarViewController.h */ = {isa = PBXFileReference; fileEncoding = 4; lastKnownFileType = sourcecode.c.h; name = AvatarViewController.h; path = users/AvatarViewController.h; sourceTree = "<group>"; };
		E71210CE19D66B26001E1FDD /* AvatarViewController.m */ = {isa = PBXFileReference; fileEncoding = 4; lastKnownFileType = sourcecode.c.objc; name = AvatarViewController.m; path = users/AvatarViewController.m; sourceTree = "<group>"; };
		E71210D019D68C31001E1FDD /* AlbumContentsViewController.h */ = {isa = PBXFileReference; fileEncoding = 4; lastKnownFileType = sourcecode.c.h; name = AlbumContentsViewController.h; path = users/AlbumContentsViewController.h; sourceTree = "<group>"; };
		E71210D119D68C31001E1FDD /* AlbumContentsViewController.m */ = {isa = PBXFileReference; fileEncoding = 4; lastKnownFileType = sourcecode.c.objc; name = AlbumContentsViewController.m; path = users/AlbumContentsViewController.m; sourceTree = "<group>"; };
		E71210D319D6F47C001E1FDD /* VPImageCropperViewController.h */ = {isa = PBXFileReference; fileEncoding = 4; lastKnownFileType = sourcecode.c.h; name = VPImageCropperViewController.h; path = users/VPImageCropperViewController.h; sourceTree = "<group>"; };
		E71210D419D6F47C001E1FDD /* VPImageCropperViewController.m */ = {isa = PBXFileReference; fileEncoding = 4; lastKnownFileType = sourcecode.c.objc; name = VPImageCropperViewController.m; path = users/VPImageCropperViewController.m; sourceTree = "<group>"; };
		E71210D619D72362001E1FDD /* default_avatar.png */ = {isa = PBXFileReference; lastKnownFileType = image.png; name = default_avatar.png; path = resources/images/default_avatar.png; sourceTree = "<group>"; };
		E71210D819D8112B001E1FDD /* MatchListViewController.h */ = {isa = PBXFileReference; fileEncoding = 4; lastKnownFileType = sourcecode.c.h; name = MatchListViewController.h; path = match/MatchListViewController.h; sourceTree = "<group>"; };
		E71210D919D8112B001E1FDD /* MatchListViewController.m */ = {isa = PBXFileReference; fileEncoding = 4; lastKnownFileType = sourcecode.c.objc; name = MatchListViewController.m; path = match/MatchListViewController.m; sourceTree = "<group>"; };
		E71210DC19D85B01001E1FDD /* CreateMatchViewController.h */ = {isa = PBXFileReference; fileEncoding = 4; lastKnownFileType = sourcecode.c.h; name = CreateMatchViewController.h; path = match/CreateMatchViewController.h; sourceTree = "<group>"; };
		E71210DD19D85B01001E1FDD /* CreateMatchViewController.m */ = {isa = PBXFileReference; fileEncoding = 4; lastKnownFileType = sourcecode.c.objc; name = CreateMatchViewController.m; path = match/CreateMatchViewController.m; sourceTree = "<group>"; };
		E71210DF19D961C7001E1FDD /* MatchManager.h */ = {isa = PBXFileReference; fileEncoding = 4; lastKnownFileType = sourcecode.c.h; name = MatchManager.h; path = match/MatchManager.h; sourceTree = "<group>"; };
		E71210E019D961C7001E1FDD /* MatchManager.m */ = {isa = PBXFileReference; fileEncoding = 4; lastKnownFileType = sourcecode.c.objc; name = MatchManager.m; path = match/MatchManager.m; sourceTree = "<group>"; };
		E71210E219D96242001E1FDD /* Match.h */ = {isa = PBXFileReference; fileEncoding = 4; lastKnownFileType = sourcecode.c.h; name = Match.h; path = data/Match.h; sourceTree = "<group>"; };
		E71210E319D96242001E1FDD /* Match.m */ = {isa = PBXFileReference; fileEncoding = 4; lastKnownFileType = sourcecode.c.objc; name = Match.m; path = data/Match.m; sourceTree = "<group>"; };
		E7B6ABC219C993E40000EBA2 /* UserManager.h */ = {isa = PBXFileReference; fileEncoding = 4; lastKnownFileType = sourcecode.c.h; name = UserManager.h; path = users/UserManager.h; sourceTree = "<group>"; };
		E7B6ABC319C993E40000EBA2 /* UserManager.m */ = {isa = PBXFileReference; fileEncoding = 4; lastKnownFileType = sourcecode.c.objc; name = UserManager.m; path = users/UserManager.m; sourceTree = "<group>"; };
		E7E6FDB919BF479B00AD086E /* BNUser.h */ = {isa = PBXFileReference; fileEncoding = 4; lastKnownFileType = sourcecode.c.h; name = BNUser.h; path = data/BNUser.h; sourceTree = "<group>"; };
		E7E6FDBA19BF479B00AD086E /* BNUser.m */ = {isa = PBXFileReference; fileEncoding = 4; lastKnownFileType = sourcecode.c.objc; name = BNUser.m; path = data/BNUser.m; sourceTree = "<group>"; };
/* End PBXFileReference section */

/* Begin PBXFrameworksBuildPhase section */
		53F4BC42192622FB0080FC9C /* Frameworks */ = {
			isa = PBXFrameworksBuildPhase;
			buildActionMask = 2147483647;
			files = (
				53F4BC4B192622FB0080FC9C /* CoreGraphics.framework in Frameworks */,
				53F4BC4D192622FB0080FC9C /* UIKit.framework in Frameworks */,
				53F4BC49192622FB0080FC9C /* Foundation.framework in Frameworks */,
				B5DF8C9AC7AA418A9132A196 /* libPods.a in Frameworks */,
			);
			runOnlyForDeploymentPostprocessing = 0;
		};
		53F4BC66192622FB0080FC9C /* Frameworks */ = {
			isa = PBXFrameworksBuildPhase;
			buildActionMask = 2147483647;
			files = (
				53F4BC6B192622FB0080FC9C /* XCTest.framework in Frameworks */,
				53F4BC6D192622FB0080FC9C /* UIKit.framework in Frameworks */,
				53F4BC6C192622FB0080FC9C /* Foundation.framework in Frameworks */,
			);
			runOnlyForDeploymentPostprocessing = 0;
		};
/* End PBXFrameworksBuildPhase section */

/* Begin PBXGroup section */
		53F4BC3C192622FB0080FC9C = {
			isa = PBXGroup;
			children = (
				53F4BC4E192622FB0080FC9C /* BattleNet */,
				53F4BC70192622FB0080FC9C /* BattleNetTests */,
				53F4BC47192622FB0080FC9C /* Frameworks */,
				53F4BC46192622FB0080FC9C /* Products */,
				AA400099B792489A89130D05 /* Pods.xcconfig */,
			);
			sourceTree = "<group>";
		};
		53F4BC46192622FB0080FC9C /* Products */ = {
			isa = PBXGroup;
			children = (
				53F4BC45192622FB0080FC9C /* BattleNet.app */,
				53F4BC69192622FB0080FC9C /* BattleNetTests.xctest */,
			);
			name = Products;
			sourceTree = "<group>";
		};
		53F4BC47192622FB0080FC9C /* Frameworks */ = {
			isa = PBXGroup;
			children = (
				53F4BC48192622FB0080FC9C /* Foundation.framework */,
				53F4BC4A192622FB0080FC9C /* CoreGraphics.framework */,
				53F4BC4C192622FB0080FC9C /* UIKit.framework */,
				53F4BC6A192622FB0080FC9C /* XCTest.framework */,
				8994743BF9934551A8591692 /* libPods.a */,
			);
			name = Frameworks;
			sourceTree = "<group>";
		};
		53F4BC4E192622FB0080FC9C /* BattleNet */ = {
			isa = PBXGroup;
			children = (
				E71210DB19D81133001E1FDD /* Match */,
				E7E6FDB819BF474800AD086E /* Data */,
				E7E6FDB719BED77100AD086E /* User */,
				53F4BC57192622FB0080FC9C /* AppDelegate.h */,
				53F4BC58192622FB0080FC9C /* AppDelegate.m */,
				53F4BC5A192622FB0080FC9C /* Main.storyboard */,
				53F4BC5D192622FB0080FC9C /* FirstViewController.h */,
				53F4BC5E192622FB0080FC9C /* FirstViewController.m */,
				53F4BC60192622FB0080FC9C /* SecondViewController.h */,
				53F4BC61192622FB0080FC9C /* SecondViewController.m */,
				53F4BC63192622FB0080FC9C /* Images.xcassets */,
				530A32BF192660A300834AA9 /* acmilan.png */,
				E71210CA19D5CD23001E1FDD /* Resources */,
				53F4BC4F192622FB0080FC9C /* Supporting Files */,
			);
			path = BattleNet;
			sourceTree = "<group>";
		};
		53F4BC4F192622FB0080FC9C /* Supporting Files */ = {
			isa = PBXGroup;
			children = (
				53F4BC50192622FB0080FC9C /* BattleNet-Info.plist */,
				53F4BC51192622FB0080FC9C /* InfoPlist.strings */,
				53F4BC54192622FB0080FC9C /* main.m */,
				53F4BC56192622FB0080FC9C /* BattleNet-Prefix.pch */,
			);
			name = "Supporting Files";
			sourceTree = "<group>";
		};
		53F4BC70192622FB0080FC9C /* BattleNetTests */ = {
			isa = PBXGroup;
			children = (
				53F4BC76192622FB0080FC9C /* BattleNetTests.m */,
				53F4BC71192622FB0080FC9C /* Supporting Files */,
			);
			path = BattleNetTests;
			sourceTree = "<group>";
		};
		53F4BC71192622FB0080FC9C /* Supporting Files */ = {
			isa = PBXGroup;
			children = (
				53F4BC72192622FB0080FC9C /* BattleNetTests-Info.plist */,
				53F4BC73192622FB0080FC9C /* InfoPlist.strings */,
			);
			name = "Supporting Files";
			sourceTree = "<group>";
		};
		E71210CA19D5CD23001E1FDD /* Resources */ = {
			isa = PBXGroup;
			children = (
				E71210D619D72362001E1FDD /* default_avatar.png */,
				E71210CB19D5CD63001E1FDD /* player.png */,
			);
			name = Resources;
			sourceTree = "<group>";
		};
		E71210DB19D81133001E1FDD /* Match */ = {
			isa = PBXGroup;
			children = (
				E71210D819D8112B001E1FDD /* MatchListViewController.h */,
				E71210D919D8112B001E1FDD /* MatchListViewController.m */,
				E71210DC19D85B01001E1FDD /* CreateMatchViewController.h */,
				E71210DD19D85B01001E1FDD /* CreateMatchViewController.m */,
				E71210DF19D961C7001E1FDD /* MatchManager.h */,
				E71210E019D961C7001E1FDD /* MatchManager.m */,
			);
			name = Match;
			sourceTree = "<group>";
		};
		E7E6FDB719BED77100AD086E /* User */ = {
			isa = PBXGroup;
			children = (
				E71210D319D6F47C001E1FDD /* VPImageCropperViewController.h */,
				E71210D419D6F47C001E1FDD /* VPImageCropperViewController.m */,
				E71210D019D68C31001E1FDD /* AlbumContentsViewController.h */,
				E71210D119D68C31001E1FDD /* AlbumContentsViewController.m */,
				530A350A19371105004EA0C0 /* MeViewController.h */,
				530A350B19371105004EA0C0 /* MeViewController.m */,
				530A350D193714D1004EA0C0 /* LoginViewController.h */,
				530A350E193714D1004EA0C0 /* LoginViewController.m */,
				538C8EB9193F6038007478D6 /* BirthdayViewController.h */,
				538C8EBA193F6038007478D6 /* BirthdayViewController.m */,
				538C8EB0193F5FD5007478D6 /* SexViewController.h */,
				538C8EB1193F5FD5007478D6 /* SexViewController.m */,
				538C8EB3193F5FF0007478D6 /* PositionViewController.h */,
				E71210CD19D66B26001E1FDD /* AvatarViewController.h */,
				E71210CE19D66B26001E1FDD /* AvatarViewController.m */,
				538C8EB4193F5FF0007478D6 /* PositionViewController.m */,
				538C8EB6193F600A007478D6 /* FootViewController.h */,
				538C8EB7193F600A007478D6 /* FootViewController.m */,
				538C8EAD193DCF27007478D6 /* SignupTableViewController.h */,
				538C8EAE193DCF27007478D6 /* SignupTableViewController.m */,
				E7B6ABC219C993E40000EBA2 /* UserManager.h */,
				E7B6ABC319C993E40000EBA2 /* UserManager.m */,
			);
			name = User;
			sourceTree = "<group>";
		};
		E7E6FDB819BF474800AD086E /* Data */ = {
			isa = PBXGroup;
			children = (
				E7E6FDB919BF479B00AD086E /* BNUser.h */,
				E7E6FDBA19BF479B00AD086E /* BNUser.m */,
				E71210E219D96242001E1FDD /* Match.h */,
				E71210E319D96242001E1FDD /* Match.m */,
			);
			name = Data;
			sourceTree = "<group>";
		};
/* End PBXGroup section */

/* Begin PBXNativeTarget section */
		53F4BC44192622FB0080FC9C /* BattleNet */ = {
			isa = PBXNativeTarget;
			buildConfigurationList = 53F4BC7A192622FB0080FC9C /* Build configuration list for PBXNativeTarget "BattleNet" */;
			buildPhases = (
				0CDD6E4F87614C548503A445 /* Check Pods Manifest.lock */,
				53F4BC41192622FB0080FC9C /* Sources */,
				53F4BC42192622FB0080FC9C /* Frameworks */,
				53F4BC43192622FB0080FC9C /* Resources */,
				E7C6A759CE9E422BA4AD815F /* Copy Pods Resources */,
			);
			buildRules = (
			);
			dependencies = (
			);
			name = BattleNet;
			productName = BattleNet;
			productReference = 53F4BC45192622FB0080FC9C /* BattleNet.app */;
			productType = "com.apple.product-type.application";
		};
		53F4BC68192622FB0080FC9C /* BattleNetTests */ = {
			isa = PBXNativeTarget;
			buildConfigurationList = 53F4BC7D192622FB0080FC9C /* Build configuration list for PBXNativeTarget "BattleNetTests" */;
			buildPhases = (
				53F4BC65192622FB0080FC9C /* Sources */,
				53F4BC66192622FB0080FC9C /* Frameworks */,
				53F4BC67192622FB0080FC9C /* Resources */,
			);
			buildRules = (
			);
			dependencies = (
				53F4BC6F192622FB0080FC9C /* PBXTargetDependency */,
			);
			name = BattleNetTests;
			productName = BattleNetTests;
			productReference = 53F4BC69192622FB0080FC9C /* BattleNetTests.xctest */;
			productType = "com.apple.product-type.bundle.unit-test";
		};
/* End PBXNativeTarget section */

/* Begin PBXProject section */
		53F4BC3D192622FB0080FC9C /* Project object */ = {
			isa = PBXProject;
			attributes = {
				LastUpgradeCheck = 0510;
				ORGANIZATIONNAME = yrliu;
				TargetAttributes = {
					53F4BC68192622FB0080FC9C = {
						TestTargetID = 53F4BC44192622FB0080FC9C;
					};
				};
			};
			buildConfigurationList = 53F4BC40192622FB0080FC9C /* Build configuration list for PBXProject "BattleNet" */;
			compatibilityVersion = "Xcode 3.2";
			developmentRegion = English;
			hasScannedForEncodings = 0;
			knownRegions = (
				en,
				Base,
			);
			mainGroup = 53F4BC3C192622FB0080FC9C;
			productRefGroup = 53F4BC46192622FB0080FC9C /* Products */;
			projectDirPath = "";
			projectRoot = "";
			targets = (
				53F4BC44192622FB0080FC9C /* BattleNet */,
				53F4BC68192622FB0080FC9C /* BattleNetTests */,
			);
		};
/* End PBXProject section */

/* Begin PBXResourcesBuildPhase section */
		53F4BC43192622FB0080FC9C /* Resources */ = {
			isa = PBXResourcesBuildPhase;
			buildActionMask = 2147483647;
			files = (
				53F4BC64192622FB0080FC9C /* Images.xcassets in Resources */,
				E71210CC19D5CD63001E1FDD /* player.png in Resources */,
				53F4BC53192622FB0080FC9C /* InfoPlist.strings in Resources */,
				53F4BC5C192622FB0080FC9C /* Main.storyboard in Resources */,
				E71210D719D72362001E1FDD /* default_avatar.png in Resources */,
				530A32C0192660A300834AA9 /* acmilan.png in Resources */,
			);
			runOnlyForDeploymentPostprocessing = 0;
		};
		53F4BC67192622FB0080FC9C /* Resources */ = {
			isa = PBXResourcesBuildPhase;
			buildActionMask = 2147483647;
			files = (
				53F4BC75192622FB0080FC9C /* InfoPlist.strings in Resources */,
			);
			runOnlyForDeploymentPostprocessing = 0;
		};
/* End PBXResourcesBuildPhase section */

/* Begin PBXShellScriptBuildPhase section */
		0CDD6E4F87614C548503A445 /* Check Pods Manifest.lock */ = {
			isa = PBXShellScriptBuildPhase;
			buildActionMask = 2147483647;
			files = (
			);
			inputPaths = (
			);
			name = "Check Pods Manifest.lock";
			outputPaths = (
			);
			runOnlyForDeploymentPostprocessing = 0;
			shellPath = /bin/sh;
			shellScript = "diff \"${PODS_ROOT}/../Podfile.lock\" \"${PODS_ROOT}/Manifest.lock\" > /dev/null\nif [[ $? != 0 ]] ; then\n    cat << EOM\nerror: The sandbox is not in sync with the Podfile.lock. Run 'pod install' or update your CocoaPods installation.\nEOM\n    exit 1\nfi\n";
			showEnvVarsInLog = 0;
		};
		E7C6A759CE9E422BA4AD815F /* Copy Pods Resources */ = {
			isa = PBXShellScriptBuildPhase;
			buildActionMask = 2147483647;
			files = (
			);
			inputPaths = (
			);
			name = "Copy Pods Resources";
			outputPaths = (
			);
			runOnlyForDeploymentPostprocessing = 0;
			shellPath = /bin/sh;
			shellScript = "\"${SRCROOT}/Pods/Pods-resources.sh\"\n";
			showEnvVarsInLog = 0;
		};
/* End PBXShellScriptBuildPhase section */

/* Begin PBXSourcesBuildPhase section */
		53F4BC41192622FB0080FC9C /* Sources */ = {
			isa = PBXSourcesBuildPhase;
			buildActionMask = 2147483647;
			files = (
				E7B6ABC419C993E40000EBA2 /* UserManager.m in Sources */,
				53F4BC62192622FB0080FC9C /* SecondViewController.m in Sources */,
				53F4BC59192622FB0080FC9C /* AppDelegate.m in Sources */,
				E71210E419D96242001E1FDD /* Match.m in Sources */,
				538C8EB8193F600A007478D6 /* FootViewController.m in Sources */,
				538C8EAF193DCF27007478D6 /* SignupTableViewController.m in Sources */,
				E71210E119D961C7001E1FDD /* MatchManager.m in Sources */,
				530A350F193714D1004EA0C0 /* LoginViewController.m in Sources */,
				53F4BC5F192622FB0080FC9C /* FirstViewController.m in Sources */,
				538C8EB2193F5FD5007478D6 /* SexViewController.m in Sources */,
				53F4BC55192622FB0080FC9C /* main.m in Sources */,
				530A350C19371105004EA0C0 /* MeViewController.m in Sources */,
				E71210DE19D85B01001E1FDD /* CreateMatchViewController.m in Sources */,
				538C8EB5193F5FF0007478D6 /* PositionViewController.m in Sources */,
				E7E6FDBB19BF479B00AD086E /* BNUser.m in Sources */,
				E71210DA19D8112B001E1FDD /* MatchListViewController.m in Sources */,
				E71210D519D6F47C001E1FDD /* VPImageCropperViewController.m in Sources */,
				538C8EBB193F6038007478D6 /* BirthdayViewController.m in Sources */,
				E71210CF19D66B26001E1FDD /* AvatarViewController.m in Sources */,
				E71210D219D68C31001E1FDD /* AlbumContentsViewController.m in Sources */,
			);
			runOnlyForDeploymentPostprocessing = 0;
		};
		53F4BC65192622FB0080FC9C /* Sources */ = {
			isa = PBXSourcesBuildPhase;
			buildActionMask = 2147483647;
			files = (
				53F4BC77192622FB0080FC9C /* BattleNetTests.m in Sources */,
			);
			runOnlyForDeploymentPostprocessing = 0;
		};
/* End PBXSourcesBuildPhase section */

/* Begin PBXTargetDependency section */
		53F4BC6F192622FB0080FC9C /* PBXTargetDependency */ = {
			isa = PBXTargetDependency;
			target = 53F4BC44192622FB0080FC9C /* BattleNet */;
			targetProxy = 53F4BC6E192622FB0080FC9C /* PBXContainerItemProxy */;
		};
/* End PBXTargetDependency section */

/* Begin PBXVariantGroup section */
		53F4BC51192622FB0080FC9C /* InfoPlist.strings */ = {
			isa = PBXVariantGroup;
			children = (
				53F4BC52192622FB0080FC9C /* en */,
			);
			name = InfoPlist.strings;
			sourceTree = "<group>";
		};
		53F4BC5A192622FB0080FC9C /* Main.storyboard */ = {
			isa = PBXVariantGroup;
			children = (
				53F4BC5B192622FB0080FC9C /* Base */,
			);
			name = Main.storyboard;
			sourceTree = "<group>";
		};
		53F4BC73192622FB0080FC9C /* InfoPlist.strings */ = {
			isa = PBXVariantGroup;
			children = (
				53F4BC74192622FB0080FC9C /* en */,
			);
			name = InfoPlist.strings;
			sourceTree = "<group>";
		};
/* End PBXVariantGroup section */

/* Begin XCBuildConfiguration section */
		53F4BC78192622FB0080FC9C /* Debug */ = {
			isa = XCBuildConfiguration;
			buildSettings = {
				ALWAYS_SEARCH_USER_PATHS = NO;
				CLANG_CXX_LANGUAGE_STANDARD = "gnu++0x";
				CLANG_CXX_LIBRARY = "libc++";
				CLANG_ENABLE_MODULES = YES;
				CLANG_ENABLE_OBJC_ARC = YES;
				CLANG_WARN_BOOL_CONVERSION = YES;
				CLANG_WARN_CONSTANT_CONVERSION = YES;
				CLANG_WARN_DIRECT_OBJC_ISA_USAGE = YES_ERROR;
				CLANG_WARN_EMPTY_BODY = YES;
				CLANG_WARN_ENUM_CONVERSION = YES;
				CLANG_WARN_INT_CONVERSION = YES;
				CLANG_WARN_OBJC_ROOT_CLASS = YES_ERROR;
				CLANG_WARN__DUPLICATE_METHOD_MATCH = YES;
				"CODE_SIGN_IDENTITY[sdk=iphoneos*]" = "iPhone Developer";
				COPY_PHASE_STRIP = NO;
				GCC_C_LANGUAGE_STANDARD = gnu99;
				GCC_DYNAMIC_NO_PIC = NO;
				GCC_OPTIMIZATION_LEVEL = 0;
				GCC_PREPROCESSOR_DEFINITIONS = (
					"DEBUG=1",
					"$(inherited)",
				);
				GCC_SYMBOLS_PRIVATE_EXTERN = NO;
				GCC_WARN_64_TO_32_BIT_CONVERSION = YES;
				GCC_WARN_ABOUT_RETURN_TYPE = YES_ERROR;
				GCC_WARN_UNDECLARED_SELECTOR = YES;
				GCC_WARN_UNINITIALIZED_AUTOS = YES_AGGRESSIVE;
				GCC_WARN_UNUSED_FUNCTION = YES;
				GCC_WARN_UNUSED_VARIABLE = YES;
				IPHONEOS_DEPLOYMENT_TARGET = 7.1;
				ONLY_ACTIVE_ARCH = YES;
				SDKROOT = iphoneos;
			};
			name = Debug;
		};
		53F4BC79192622FB0080FC9C /* Release */ = {
			isa = XCBuildConfiguration;
			buildSettings = {
				ALWAYS_SEARCH_USER_PATHS = NO;
				CLANG_CXX_LANGUAGE_STANDARD = "gnu++0x";
				CLANG_CXX_LIBRARY = "libc++";
				CLANG_ENABLE_MODULES = YES;
				CLANG_ENABLE_OBJC_ARC = YES;
				CLANG_WARN_BOOL_CONVERSION = YES;
				CLANG_WARN_CONSTANT_CONVERSION = YES;
				CLANG_WARN_DIRECT_OBJC_ISA_USAGE = YES_ERROR;
				CLANG_WARN_EMPTY_BODY = YES;
				CLANG_WARN_ENUM_CONVERSION = YES;
				CLANG_WARN_INT_CONVERSION = YES;
				CLANG_WARN_OBJC_ROOT_CLASS = YES_ERROR;
				CLANG_WARN__DUPLICATE_METHOD_MATCH = YES;
				"CODE_SIGN_IDENTITY[sdk=iphoneos*]" = "iPhone Developer";
				COPY_PHASE_STRIP = YES;
				ENABLE_NS_ASSERTIONS = NO;
				GCC_C_LANGUAGE_STANDARD = gnu99;
				GCC_WARN_64_TO_32_BIT_CONVERSION = YES;
				GCC_WARN_ABOUT_RETURN_TYPE = YES_ERROR;
				GCC_WARN_UNDECLARED_SELECTOR = YES;
				GCC_WARN_UNINITIALIZED_AUTOS = YES_AGGRESSIVE;
				GCC_WARN_UNUSED_FUNCTION = YES;
				GCC_WARN_UNUSED_VARIABLE = YES;
				IPHONEOS_DEPLOYMENT_TARGET = 7.1;
				SDKROOT = iphoneos;
				VALIDATE_PRODUCT = YES;
			};
			name = Release;
		};
		53F4BC7B192622FB0080FC9C /* Debug */ = {
			isa = XCBuildConfiguration;
			baseConfigurationReference = AA400099B792489A89130D05 /* Pods.xcconfig */;
			buildSettings = {
				ASSETCATALOG_COMPILER_APPICON_NAME = AppIcon;
				ASSETCATALOG_COMPILER_LAUNCHIMAGE_NAME = LaunchImage;
				GCC_PRECOMPILE_PREFIX_HEADER = YES;
				GCC_PREFIX_HEADER = "BattleNet/BattleNet-Prefix.pch";
				INFOPLIST_FILE = "BattleNet/BattleNet-Info.plist";
				PRODUCT_NAME = "$(TARGET_NAME)";
				WRAPPER_EXTENSION = app;
			};
			name = Debug;
		};
		53F4BC7C192622FB0080FC9C /* Release */ = {
			isa = XCBuildConfiguration;
			baseConfigurationReference = AA400099B792489A89130D05 /* Pods.xcconfig */;
			buildSettings = {
				ASSETCATALOG_COMPILER_APPICON_NAME = AppIcon;
				ASSETCATALOG_COMPILER_LAUNCHIMAGE_NAME = LaunchImage;
				GCC_PRECOMPILE_PREFIX_HEADER = YES;
				GCC_PREFIX_HEADER = "BattleNet/BattleNet-Prefix.pch";
				INFOPLIST_FILE = "BattleNet/BattleNet-Info.plist";
				PRODUCT_NAME = "$(TARGET_NAME)";
				WRAPPER_EXTENSION = app;
			};
			name = Release;
		};
		53F4BC7E192622FB0080FC9C /* Debug */ = {
			isa = XCBuildConfiguration;
			buildSettings = {
				BUNDLE_LOADER = "$(BUILT_PRODUCTS_DIR)/BattleNet.app/BattleNet";
				FRAMEWORK_SEARCH_PATHS = (
					"$(SDKROOT)/Developer/Library/Frameworks",
					"$(inherited)",
					"$(DEVELOPER_FRAMEWORKS_DIR)",
				);
				GCC_PRECOMPILE_PREFIX_HEADER = YES;
				GCC_PREFIX_HEADER = "BattleNet/BattleNet-Prefix.pch";
				GCC_PREPROCESSOR_DEFINITIONS = (
					"DEBUG=1",
					"$(inherited)",
				);
				INFOPLIST_FILE = "BattleNetTests/BattleNetTests-Info.plist";
				PRODUCT_NAME = "$(TARGET_NAME)";
				TEST_HOST = "$(BUNDLE_LOADER)";
				WRAPPER_EXTENSION = xctest;
			};
			name = Debug;
		};
		53F4BC7F192622FB0080FC9C /* Release */ = {
			isa = XCBuildConfiguration;
			buildSettings = {
				BUNDLE_LOADER = "$(BUILT_PRODUCTS_DIR)/BattleNet.app/BattleNet";
				FRAMEWORK_SEARCH_PATHS = (
					"$(SDKROOT)/Developer/Library/Frameworks",
					"$(inherited)",
					"$(DEVELOPER_FRAMEWORKS_DIR)",
				);
				GCC_PRECOMPILE_PREFIX_HEADER = YES;
				GCC_PREFIX_HEADER = "BattleNet/BattleNet-Prefix.pch";
				INFOPLIST_FILE = "BattleNetTests/BattleNetTests-Info.plist";
				PRODUCT_NAME = "$(TARGET_NAME)";
				TEST_HOST = "$(BUNDLE_LOADER)";
				WRAPPER_EXTENSION = xctest;
			};
			name = Release;
		};
/* End XCBuildConfiguration section */

/* Begin XCConfigurationList section */
		53F4BC40192622FB0080FC9C /* Build configuration list for PBXProject "BattleNet" */ = {
			isa = XCConfigurationList;
			buildConfigurations = (
				53F4BC78192622FB0080FC9C /* Debug */,
				53F4BC79192622FB0080FC9C /* Release */,
			);
			defaultConfigurationIsVisible = 0;
			defaultConfigurationName = Release;
		};
		53F4BC7A192622FB0080FC9C /* Build configuration list for PBXNativeTarget "BattleNet" */ = {
			isa = XCConfigurationList;
			buildConfigurations = (
				53F4BC7B192622FB0080FC9C /* Debug */,
				53F4BC7C192622FB0080FC9C /* Release */,
			);
			defaultConfigurationIsVisible = 0;
			defaultConfigurationName = Release;
		};
		53F4BC7D192622FB0080FC9C /* Build configuration list for PBXNativeTarget "BattleNetTests" */ = {
			isa = XCConfigurationList;
			buildConfigurations = (
				53F4BC7E192622FB0080FC9C /* Debug */,
				53F4BC7F192622FB0080FC9C /* Release */,
			);
			defaultConfigurationIsVisible = 0;
			defaultConfigurationName = Release;
		};
/* End XCConfigurationList section */
	};
	rootObject = 53F4BC3D192622FB0080FC9C /* Project object */;
}
